// !$*UTF8*$!
{
	archiveVersion = 1;
	classes = {
	};
	objectVersion = 51;
	objects = {

/* Begin PBXBuildFile section */
		9D175BFD25920F5100F1B051 /* UICollectionViewCellExtensions.swift in Sources */ = {isa = PBXBuildFile; fileRef = 9D175BFC25920F5100F1B051 /* UICollectionViewCellExtensions.swift */; };
		9D175C0125922F2700F1B051 /* UIImageExtensions.swift in Sources */ = {isa = PBXBuildFile; fileRef = 9D175C0025922F2700F1B051 /* UIImageExtensions.swift */; };
		9D175C04259233AC00F1B051 /* UIImageViewExtensions.swift in Sources */ = {isa = PBXBuildFile; fileRef = 9D175C03259233AC00F1B051 /* UIImageViewExtensions.swift */; };
		9D175C07259255E300F1B051 /* StringExtensions.swift in Sources */ = {isa = PBXBuildFile; fileRef = 9D175C06259255E300F1B051 /* StringExtensions.swift */; };
		9D5802FD258C014E00BCAB14 /* ModelsListCVC.swift in Sources */ = {isa = PBXBuildFile; fileRef = 9D5802FC258C014E00BCAB14 /* ModelsListCVC.swift */; };
		9D580306258CBFDC00BCAB14 /* FileManagerExtensions.swift in Sources */ = {isa = PBXBuildFile; fileRef = 9D580305258CBFDC00BCAB14 /* FileManagerExtensions.swift */; };
		9D580312258CDC7500BCAB14 /* MobileNet-kopia 6.mlmodel in Sources */ = {isa = PBXBuildFile; fileRef = 9D58030C258CDC7400BCAB14 /* MobileNet-kopia 6.mlmodel */; };
		9D580313258CDC7500BCAB14 /* MobileNet-kopia 5.mlmodel in Sources */ = {isa = PBXBuildFile; fileRef = 9D58030D258CDC7400BCAB14 /* MobileNet-kopia 5.mlmodel */; };
		9D580314258CDC7500BCAB14 /* MobileNet-kopia.mlmodel in Sources */ = {isa = PBXBuildFile; fileRef = 9D58030E258CDC7400BCAB14 /* MobileNet-kopia.mlmodel */; };
		9D580315258CDC7500BCAB14 /* MobileNet-kopia 4.mlmodel in Sources */ = {isa = PBXBuildFile; fileRef = 9D58030F258CDC7400BCAB14 /* MobileNet-kopia 4.mlmodel */; };
		9D580316258CDC7500BCAB14 /* MobileNet-kopia 3.mlmodel in Sources */ = {isa = PBXBuildFile; fileRef = 9D580310258CDC7400BCAB14 /* MobileNet-kopia 3.mlmodel */; };
		9D580317258CDC7500BCAB14 /* MobileNet-kopia 2.mlmodel in Sources */ = {isa = PBXBuildFile; fileRef = 9D580311258CDC7400BCAB14 /* MobileNet-kopia 2.mlmodel */; };
		9D58031A258CEBFE00BCAB14 /* PredictionVC.swift in Sources */ = {isa = PBXBuildFile; fileRef = 9D580319258CEBFE00BCAB14 /* PredictionVC.swift */; };
		9D7F691B258A865100CABB2A /* ModelDescriptionVC.swift in Sources */ = {isa = PBXBuildFile; fileRef = 9D7F691A258A865100CABB2A /* ModelDescriptionVC.swift */; };
		9D7F691E258A8B1800CABB2A /* ModelsListVC.swift in Sources */ = {isa = PBXBuildFile; fileRef = 9D7F691D258A8B1800CABB2A /* ModelsListVC.swift */; };
		9D85A2252593B71F00CE4ECC /* UIButtonExtensions.swift in Sources */ = {isa = PBXBuildFile; fileRef = 9D85A2242593B71F00CE4ECC /* UIButtonExtensions.swift */; };
		9D85A2282594E12500CE4ECC /* ClassificationResult.swift in Sources */ = {isa = PBXBuildFile; fileRef = 9D85A2272594E12400CE4ECC /* ClassificationResult.swift */; };
		9D85A22C2594E20200CE4ECC /* CustomCircleProgressBar.swift in Sources */ = {isa = PBXBuildFile; fileRef = 9D85A22B2594E20200CE4ECC /* CustomCircleProgressBar.swift */; };
		9D85A22F259615B900CE4ECC /* MoreLabelsVC.swift in Sources */ = {isa = PBXBuildFile; fileRef = 9D85A22E259615B900CE4ECC /* MoreLabelsVC.swift */; };
		9D85A23425965E0A00CE4ECC /* MoreLabelsTVC.swift in Sources */ = {isa = PBXBuildFile; fileRef = 9D85A23325965E0A00CE4ECC /* MoreLabelsTVC.swift */; };
		9DC7FC2C2589317200CB7B98 /* ImagePicker.swift in Sources */ = {isa = PBXBuildFile; fileRef = 9DC7FC2B2589317200CB7B98 /* ImagePicker.swift */; };
		9DC7FC362589832400CB7B98 /* ImageClassifierModelDelegate.swift in Sources */ = {isa = PBXBuildFile; fileRef = 9DC7FC352589832400CB7B98 /* ImageClassifierModelDelegate.swift */; };
		9DC7FC392589833800CB7B98 /* ImagePickerDelegate.swift in Sources */ = {isa = PBXBuildFile; fileRef = 9DC7FC382589833800CB7B98 /* ImagePickerDelegate.swift */; };
		9DE839A42589157500400F0C /* CGImagePropertyOrientation+UIImageOrientation.swift in Sources */ = {isa = PBXBuildFile; fileRef = 9DE839A32589157500400F0C /* CGImagePropertyOrientation+UIImageOrientation.swift */; };
		9DECCA5E258809AC00E4EE7C /* ImageClassifierModel.swift in Sources */ = {isa = PBXBuildFile; fileRef = 9DECCA5D258809AC00E4EE7C /* ImageClassifierModel.swift */; };
		9DECCA61258908B100E4EE7C /* MobileNet.mlmodel in Sources */ = {isa = PBXBuildFile; fileRef = 9DECCA60258908B100E4EE7C /* MobileNet.mlmodel */; };
		9DF940102587C2DD001C44F0 /* AppDelegate.swift in Sources */ = {isa = PBXBuildFile; fileRef = 9DF9400F2587C2DD001C44F0 /* AppDelegate.swift */; };
		9DF940122587C2DD001C44F0 /* SceneDelegate.swift in Sources */ = {isa = PBXBuildFile; fileRef = 9DF940112587C2DD001C44F0 /* SceneDelegate.swift */; };
		9DF940142587C2DD001C44F0 /* MainVC.swift in Sources */ = {isa = PBXBuildFile; fileRef = 9DF940132587C2DD001C44F0 /* MainVC.swift */; };
		9DF940172587C2DD001C44F0 /* Main.storyboard in Resources */ = {isa = PBXBuildFile; fileRef = 9DF940152587C2DD001C44F0 /* Main.storyboard */; };
		9DF940192587C2E1001C44F0 /* Assets.xcassets in Resources */ = {isa = PBXBuildFile; fileRef = 9DF940182587C2E1001C44F0 /* Assets.xcassets */; };
		9DF9401C2587C2E1001C44F0 /* LaunchScreen.storyboard in Resources */ = {isa = PBXBuildFile; fileRef = 9DF9401A2587C2E1001C44F0 /* LaunchScreen.storyboard */; };
		FAC8ABAB63978F93CD1DD0CB /* Pods_ImageClassifier.framework in Frameworks */ = {isa = PBXBuildFile; fileRef = CA99934B2A4A881EDD1C5705 /* Pods_ImageClassifier.framework */; };
/* End PBXBuildFile section */

/* Begin PBXFileReference section */
		9D175BFC25920F5100F1B051 /* UICollectionViewCellExtensions.swift */ = {isa = PBXFileReference; lastKnownFileType = sourcecode.swift; path = UICollectionViewCellExtensions.swift; sourceTree = "<group>"; };
		9D175C0025922F2700F1B051 /* UIImageExtensions.swift */ = {isa = PBXFileReference; lastKnownFileType = sourcecode.swift; path = UIImageExtensions.swift; sourceTree = "<group>"; };
		9D175C03259233AC00F1B051 /* UIImageViewExtensions.swift */ = {isa = PBXFileReference; lastKnownFileType = sourcecode.swift; path = UIImageViewExtensions.swift; sourceTree = "<group>"; };
		9D175C06259255E300F1B051 /* StringExtensions.swift */ = {isa = PBXFileReference; lastKnownFileType = sourcecode.swift; path = StringExtensions.swift; sourceTree = "<group>"; };
		9D5802FC258C014E00BCAB14 /* ModelsListCVC.swift */ = {isa = PBXFileReference; lastKnownFileType = sourcecode.swift; path = ModelsListCVC.swift; sourceTree = "<group>"; };
		9D580305258CBFDC00BCAB14 /* FileManagerExtensions.swift */ = {isa = PBXFileReference; lastKnownFileType = sourcecode.swift; path = FileManagerExtensions.swift; sourceTree = "<group>"; };
		9D58030C258CDC7400BCAB14 /* MobileNet-kopia 6.mlmodel */ = {isa = PBXFileReference; lastKnownFileType = file.mlmodel; path = "MobileNet-kopia 6.mlmodel"; sourceTree = "<group>"; };
		9D58030D258CDC7400BCAB14 /* MobileNet-kopia 5.mlmodel */ = {isa = PBXFileReference; lastKnownFileType = file.mlmodel; path = "MobileNet-kopia 5.mlmodel"; sourceTree = "<group>"; };
		9D58030E258CDC7400BCAB14 /* MobileNet-kopia.mlmodel */ = {isa = PBXFileReference; lastKnownFileType = file.mlmodel; path = "MobileNet-kopia.mlmodel"; sourceTree = "<group>"; };
		9D58030F258CDC7400BCAB14 /* MobileNet-kopia 4.mlmodel */ = {isa = PBXFileReference; lastKnownFileType = file.mlmodel; path = "MobileNet-kopia 4.mlmodel"; sourceTree = "<group>"; };
		9D580310258CDC7400BCAB14 /* MobileNet-kopia 3.mlmodel */ = {isa = PBXFileReference; lastKnownFileType = file.mlmodel; path = "MobileNet-kopia 3.mlmodel"; sourceTree = "<group>"; };
		9D580311258CDC7400BCAB14 /* MobileNet-kopia 2.mlmodel */ = {isa = PBXFileReference; lastKnownFileType = file.mlmodel; path = "MobileNet-kopia 2.mlmodel"; sourceTree = "<group>"; };
		9D580319258CEBFE00BCAB14 /* PredictionVC.swift */ = {isa = PBXFileReference; lastKnownFileType = sourcecode.swift; path = PredictionVC.swift; sourceTree = "<group>"; };
		9D7F691A258A865100CABB2A /* ModelDescriptionVC.swift */ = {isa = PBXFileReference; lastKnownFileType = sourcecode.swift; path = ModelDescriptionVC.swift; sourceTree = "<group>"; };
		9D7F691D258A8B1800CABB2A /* ModelsListVC.swift */ = {isa = PBXFileReference; lastKnownFileType = sourcecode.swift; path = ModelsListVC.swift; sourceTree = "<group>"; };
		9D85A2242593B71F00CE4ECC /* UIButtonExtensions.swift */ = {isa = PBXFileReference; lastKnownFileType = sourcecode.swift; path = UIButtonExtensions.swift; sourceTree = "<group>"; };
		9D85A2272594E12400CE4ECC /* ClassificationResult.swift */ = {isa = PBXFileReference; lastKnownFileType = sourcecode.swift; path = ClassificationResult.swift; sourceTree = "<group>"; };
		9D85A22B2594E20200CE4ECC /* CustomCircleProgressBar.swift */ = {isa = PBXFileReference; lastKnownFileType = sourcecode.swift; path = CustomCircleProgressBar.swift; sourceTree = "<group>"; };
		9D85A22E259615B900CE4ECC /* MoreLabelsVC.swift */ = {isa = PBXFileReference; lastKnownFileType = sourcecode.swift; path = MoreLabelsVC.swift; sourceTree = "<group>"; };
		9D85A23325965E0A00CE4ECC /* MoreLabelsTVC.swift */ = {isa = PBXFileReference; lastKnownFileType = sourcecode.swift; path = MoreLabelsTVC.swift; sourceTree = "<group>"; };
		9DC7FC2B2589317200CB7B98 /* ImagePicker.swift */ = {isa = PBXFileReference; lastKnownFileType = sourcecode.swift; path = ImagePicker.swift; sourceTree = "<group>"; };
		9DC7FC352589832400CB7B98 /* ImageClassifierModelDelegate.swift */ = {isa = PBXFileReference; lastKnownFileType = sourcecode.swift; path = ImageClassifierModelDelegate.swift; sourceTree = "<group>"; };
		9DC7FC382589833800CB7B98 /* ImagePickerDelegate.swift */ = {isa = PBXFileReference; lastKnownFileType = sourcecode.swift; path = ImagePickerDelegate.swift; sourceTree = "<group>"; };
		9DE839A32589157500400F0C /* CGImagePropertyOrientation+UIImageOrientation.swift */ = {isa = PBXFileReference; fileEncoding = 4; lastKnownFileType = sourcecode.swift; path = "CGImagePropertyOrientation+UIImageOrientation.swift"; sourceTree = "<group>"; };
		9DECCA5D258809AC00E4EE7C /* ImageClassifierModel.swift */ = {isa = PBXFileReference; lastKnownFileType = sourcecode.swift; path = ImageClassifierModel.swift; sourceTree = "<group>"; };
		9DECCA60258908B100E4EE7C /* MobileNet.mlmodel */ = {isa = PBXFileReference; lastKnownFileType = file.mlmodel; path = MobileNet.mlmodel; sourceTree = "<group>"; };
		9DF9400C2587C2DD001C44F0 /* ImageClassifier.app */ = {isa = PBXFileReference; explicitFileType = wrapper.application; includeInIndex = 0; path = ImageClassifier.app; sourceTree = BUILT_PRODUCTS_DIR; };
		9DF9400F2587C2DD001C44F0 /* AppDelegate.swift */ = {isa = PBXFileReference; lastKnownFileType = sourcecode.swift; path = AppDelegate.swift; sourceTree = "<group>"; };
		9DF940112587C2DD001C44F0 /* SceneDelegate.swift */ = {isa = PBXFileReference; lastKnownFileType = sourcecode.swift; path = SceneDelegate.swift; sourceTree = "<group>"; };
		9DF940132587C2DD001C44F0 /* MainVC.swift */ = {isa = PBXFileReference; lastKnownFileType = sourcecode.swift; path = MainVC.swift; sourceTree = "<group>"; };
		9DF940162587C2DD001C44F0 /* Base */ = {isa = PBXFileReference; lastKnownFileType = file.storyboard; name = Base; path = Base.lproj/Main.storyboard; sourceTree = "<group>"; };
		9DF940182587C2E1001C44F0 /* Assets.xcassets */ = {isa = PBXFileReference; lastKnownFileType = folder.assetcatalog; path = Assets.xcassets; sourceTree = "<group>"; };
		9DF9401B2587C2E1001C44F0 /* Base */ = {isa = PBXFileReference; lastKnownFileType = file.storyboard; name = Base; path = Base.lproj/LaunchScreen.storyboard; sourceTree = "<group>"; };
		9DF9401D2587C2E1001C44F0 /* Info.plist */ = {isa = PBXFileReference; lastKnownFileType = text.plist.xml; path = Info.plist; sourceTree = "<group>"; };
		9F3AB827FC4C14CACD3EDD7A /* Pods-ImageClassifier.debug.xcconfig */ = {isa = PBXFileReference; includeInIndex = 1; lastKnownFileType = text.xcconfig; name = "Pods-ImageClassifier.debug.xcconfig"; path = "Target Support Files/Pods-ImageClassifier/Pods-ImageClassifier.debug.xcconfig"; sourceTree = "<group>"; };
		CA99934B2A4A881EDD1C5705 /* Pods_ImageClassifier.framework */ = {isa = PBXFileReference; explicitFileType = wrapper.framework; includeInIndex = 0; path = Pods_ImageClassifier.framework; sourceTree = BUILT_PRODUCTS_DIR; };
		CDC419CC30C6DA7D08F9E750 /* Pods-ImageClassifier.release.xcconfig */ = {isa = PBXFileReference; includeInIndex = 1; lastKnownFileType = text.xcconfig; name = "Pods-ImageClassifier.release.xcconfig"; path = "Target Support Files/Pods-ImageClassifier/Pods-ImageClassifier.release.xcconfig"; sourceTree = "<group>"; };
/* End PBXFileReference section */

/* Begin PBXFrameworksBuildPhase section */
		9DF940092587C2DD001C44F0 /* Frameworks */ = {
			isa = PBXFrameworksBuildPhase;
			buildActionMask = 2147483647;
			files = (
				FAC8ABAB63978F93CD1DD0CB /* Pods_ImageClassifier.framework in Frameworks */,
			);
			runOnlyForDeploymentPostprocessing = 0;
		};
/* End PBXFrameworksBuildPhase section */

/* Begin PBXGroup section */
		1514757BF5D2C1B6D1823521 /* Pods */ = {
			isa = PBXGroup;
			children = (
				9F3AB827FC4C14CACD3EDD7A /* Pods-ImageClassifier.debug.xcconfig */,
				CDC419CC30C6DA7D08F9E750 /* Pods-ImageClassifier.release.xcconfig */,
			);
			path = Pods;
			sourceTree = "<group>";
		};
		59FCA5B8239524E8A40B2477 /* Frameworks */ = {
			isa = PBXGroup;
			children = (
				CA99934B2A4A881EDD1C5705 /* Pods_ImageClassifier.framework */,
			);
			name = Frameworks;
			sourceTree = "<group>";
		};
		9D5802FB258C00F600BCAB14 /* CollectionViewCells */ = {
			isa = PBXGroup;
			children = (
				9D5802FC258C014E00BCAB14 /* ModelsListCVC.swift */,
			);
			path = CollectionViewCells;
			sourceTree = "<group>";
		};
		9D580309258CCD4500BCAB14 /* TestModels */ = {
			isa = PBXGroup;
			children = (
				9DECCA60258908B100E4EE7C /* MobileNet.mlmodel */,
				9D580311258CDC7400BCAB14 /* MobileNet-kopia 2.mlmodel */,
				9D580310258CDC7400BCAB14 /* MobileNet-kopia 3.mlmodel */,
				9D58030F258CDC7400BCAB14 /* MobileNet-kopia 4.mlmodel */,
				9D58030D258CDC7400BCAB14 /* MobileNet-kopia 5.mlmodel */,
				9D58030C258CDC7400BCAB14 /* MobileNet-kopia 6.mlmodel */,
				9D58030E258CDC7400BCAB14 /* MobileNet-kopia.mlmodel */,
			);
			path = TestModels;
			sourceTree = "<group>";
		};
		9D85A22A2594E1DD00CE4ECC /* Cocoa Touch Subclasses */ = {
			isa = PBXGroup;
			children = (
				9D85A22B2594E20200CE4ECC /* CustomCircleProgressBar.swift */,
			);
			path = "Cocoa Touch Subclasses";
			sourceTree = "<group>";
		};
		9D85A23225965DE100CE4ECC /* TableViewCells */ = {
			isa = PBXGroup;
			children = (
				9D85A23325965E0A00CE4ECC /* MoreLabelsTVC.swift */,
			);
			path = TableViewCells;
			sourceTree = "<group>";
		};
		9DE839A22589156900400F0C /* Extensions */ = {
			isa = PBXGroup;
			children = (
				9DE839A32589157500400F0C /* CGImagePropertyOrientation+UIImageOrientation.swift */,
				9D580305258CBFDC00BCAB14 /* FileManagerExtensions.swift */,
				9D175C06259255E300F1B051 /* StringExtensions.swift */,
				9D175BFC25920F5100F1B051 /* UICollectionViewCellExtensions.swift */,
				9D175C0025922F2700F1B051 /* UIImageExtensions.swift */,
				9D175C03259233AC00F1B051 /* UIImageViewExtensions.swift */,
				9D85A2242593B71F00CE4ECC /* UIButtonExtensions.swift */,
			);
			path = Extensions;
			sourceTree = "<group>";
		};
		9DECCA592588092000E4EE7C /* Storyboards */ = {
			isa = PBXGroup;
			children = (
				9DF940152587C2DD001C44F0 /* Main.storyboard */,
				9DF9401A2587C2E1001C44F0 /* LaunchScreen.storyboard */,
			);
			path = Storyboards;
			sourceTree = "<group>";
		};
		9DECCA5A2588093D00E4EE7C /* Delegates */ = {
			isa = PBXGroup;
			children = (
				9DF9400F2587C2DD001C44F0 /* AppDelegate.swift */,
				9DF940112587C2DD001C44F0 /* SceneDelegate.swift */,
				9DC7FC382589833800CB7B98 /* ImagePickerDelegate.swift */,
				9DC7FC352589832400CB7B98 /* ImageClassifierModelDelegate.swift */,
			);
			path = Delegates;
			sourceTree = "<group>";
		};
		9DECCA5B2588094E00E4EE7C /* ViewControllers */ = {
			isa = PBXGroup;
			children = (
				9DF940132587C2DD001C44F0 /* MainVC.swift */,
				9D580319258CEBFE00BCAB14 /* PredictionVC.swift */,
				9D85A22E259615B900CE4ECC /* MoreLabelsVC.swift */,
				9D7F691D258A8B1800CABB2A /* ModelsListVC.swift */,
				9D7F691A258A865100CABB2A /* ModelDescriptionVC.swift */,
			);
			path = ViewControllers;
			sourceTree = "<group>";
		};
		9DECCA5C2588097A00E4EE7C /* Model */ = {
			isa = PBXGroup;
			children = (
				9DC7FC2B2589317200CB7B98 /* ImagePicker.swift */,
				9D85A2272594E12400CE4ECC /* ClassificationResult.swift */,
				9DECCA5D258809AC00E4EE7C /* ImageClassifierModel.swift */,
			);
			path = Model;
			sourceTree = "<group>";
		};
		9DF940032587C2DD001C44F0 = {
			isa = PBXGroup;
			children = (
				9DF9400E2587C2DD001C44F0 /* ImageClassifier */,
				9DF9400D2587C2DD001C44F0 /* Products */,
				1514757BF5D2C1B6D1823521 /* Pods */,
				59FCA5B8239524E8A40B2477 /* Frameworks */,
			);
			sourceTree = "<group>";
		};
		9DF9400D2587C2DD001C44F0 /* Products */ = {
			isa = PBXGroup;
			children = (
				9DF9400C2587C2DD001C44F0 /* ImageClassifier.app */,
			);
			name = Products;
			sourceTree = "<group>";
		};
		9DF9400E2587C2DD001C44F0 /* ImageClassifier */ = {
			isa = PBXGroup;
			children = (
				9DF940182587C2E1001C44F0 /* Assets.xcassets */,
				9DF9401D2587C2E1001C44F0 /* Info.plist */,
				9D85A22A2594E1DD00CE4ECC /* Cocoa Touch Subclasses */,
				9DE839A22589156900400F0C /* Extensions */,
				9DECCA5C2588097A00E4EE7C /* Model */,
				9DECCA5A2588093D00E4EE7C /* Delegates */,
				9DECCA5B2588094E00E4EE7C /* ViewControllers */,
				9D5802FB258C00F600BCAB14 /* CollectionViewCells */,
				9D85A23225965DE100CE4ECC /* TableViewCells */,
				9DECCA592588092000E4EE7C /* Storyboards */,
				9D580309258CCD4500BCAB14 /* TestModels */,
			);
			path = ImageClassifier;
			sourceTree = "<group>";
		};
/* End PBXGroup section */

/* Begin PBXNativeTarget section */
		9DF9400B2587C2DD001C44F0 /* ImageClassifier */ = {
			isa = PBXNativeTarget;
			buildConfigurationList = 9DF940202587C2E1001C44F0 /* Build configuration list for PBXNativeTarget "ImageClassifier" */;
			buildPhases = (
				5454BAE8C18DA4DAF90D6E77 /* [CP] Check Pods Manifest.lock */,
				9DF940082587C2DD001C44F0 /* Sources */,
				9DF940092587C2DD001C44F0 /* Frameworks */,
				9DF9400A2587C2DD001C44F0 /* Resources */,
				97B68889C2C13C11526EC242 /* [CP] Embed Pods Frameworks */,
			);
			buildRules = (
			);
			dependencies = (
			);
			name = ImageClassifier;
			productName = ImageClassifier;
			productReference = 9DF9400C2587C2DD001C44F0 /* ImageClassifier.app */;
			productType = "com.apple.product-type.application";
		};
/* End PBXNativeTarget section */

/* Begin PBXProject section */
		9DF940042587C2DD001C44F0 /* Project object */ = {
			isa = PBXProject;
			attributes = {
				LastSwiftUpdateCheck = 1220;
				LastUpgradeCheck = 1220;
				TargetAttributes = {
					9DF9400B2587C2DD001C44F0 = {
						CreatedOnToolsVersion = 12.2;
					};
				};
			};
			buildConfigurationList = 9DF940072587C2DD001C44F0 /* Build configuration list for PBXProject "ImageClassifier" */;
			compatibilityVersion = "Xcode 9.3";
			developmentRegion = en;
			hasScannedForEncodings = 0;
			knownRegions = (
				en,
				Base,
			);
			mainGroup = 9DF940032587C2DD001C44F0;
			productRefGroup = 9DF9400D2587C2DD001C44F0 /* Products */;
			projectDirPath = "";
			projectRoot = "";
			targets = (
				9DF9400B2587C2DD001C44F0 /* ImageClassifier */,
			);
		};
/* End PBXProject section */

/* Begin PBXResourcesBuildPhase section */
		9DF9400A2587C2DD001C44F0 /* Resources */ = {
			isa = PBXResourcesBuildPhase;
			buildActionMask = 2147483647;
			files = (
				9DF9401C2587C2E1001C44F0 /* LaunchScreen.storyboard in Resources */,
				9DF940192587C2E1001C44F0 /* Assets.xcassets in Resources */,
				9DF940172587C2DD001C44F0 /* Main.storyboard in Resources */,
			);
			runOnlyForDeploymentPostprocessing = 0;
		};
/* End PBXResourcesBuildPhase section */

/* Begin PBXShellScriptBuildPhase section */
		5454BAE8C18DA4DAF90D6E77 /* [CP] Check Pods Manifest.lock */ = {
			isa = PBXShellScriptBuildPhase;
			buildActionMask = 2147483647;
			files = (
			);
			inputFileListPaths = (
			);
			inputPaths = (
				"${PODS_PODFILE_DIR_PATH}/Podfile.lock",
				"${PODS_ROOT}/Manifest.lock",
			);
			name = "[CP] Check Pods Manifest.lock";
			outputFileListPaths = (
			);
			outputPaths = (
				"$(DERIVED_FILE_DIR)/Pods-ImageClassifier-checkManifestLockResult.txt",
			);
			runOnlyForDeploymentPostprocessing = 0;
			shellPath = /bin/sh;
			shellScript = "diff \"${PODS_PODFILE_DIR_PATH}/Podfile.lock\" \"${PODS_ROOT}/Manifest.lock\" > /dev/null\nif [ $? != 0 ] ; then\n    # print error to STDERR\n    echo \"error: The sandbox is not in sync with the Podfile.lock. Run 'pod install' or update your CocoaPods installation.\" >&2\n    exit 1\nfi\n# This output is used by Xcode 'outputs' to avoid re-running this script phase.\necho \"SUCCESS\" > \"${SCRIPT_OUTPUT_FILE_0}\"\n";
			showEnvVarsInLog = 0;
		};
		97B68889C2C13C11526EC242 /* [CP] Embed Pods Frameworks */ = {
			isa = PBXShellScriptBuildPhase;
			buildActionMask = 2147483647;
			files = (
			);
			inputFileListPaths = (
				"${PODS_ROOT}/Target Support Files/Pods-ImageClassifier/Pods-ImageClassifier-frameworks-${CONFIGURATION}-input-files.xcfilelist",
			);
			name = "[CP] Embed Pods Frameworks";
			outputFileListPaths = (
				"${PODS_ROOT}/Target Support Files/Pods-ImageClassifier/Pods-ImageClassifier-frameworks-${CONFIGURATION}-output-files.xcfilelist",
			);
			runOnlyForDeploymentPostprocessing = 0;
			shellPath = /bin/sh;
			shellScript = "\"${PODS_ROOT}/Target Support Files/Pods-ImageClassifier/Pods-ImageClassifier-frameworks.sh\"\n";
			showEnvVarsInLog = 0;
		};
/* End PBXShellScriptBuildPhase section */

/* Begin PBXSourcesBuildPhase section */
		9DF940082587C2DD001C44F0 /* Sources */ = {
			isa = PBXSourcesBuildPhase;
			buildActionMask = 2147483647;
			files = (
				9D175C07259255E300F1B051 /* StringExtensions.swift in Sources */,
				9DF940142587C2DD001C44F0 /* MainVC.swift in Sources */,
				9D175C0125922F2700F1B051 /* UIImageExtensions.swift in Sources */,
				9DECCA61258908B100E4EE7C /* MobileNet.mlmodel in Sources */,
				9D580315258CDC7500BCAB14 /* MobileNet-kopia 4.mlmodel in Sources */,
				9DF940102587C2DD001C44F0 /* AppDelegate.swift in Sources */,
				9D7F691B258A865100CABB2A /* ModelDescriptionVC.swift in Sources */,
				9DC7FC392589833800CB7B98 /* ImagePickerDelegate.swift in Sources */,
				9DC7FC2C2589317200CB7B98 /* ImagePicker.swift in Sources */,
				9D85A22C2594E20200CE4ECC /* CustomCircleProgressBar.swift in Sources */,
				9D7F691E258A8B1800CABB2A /* ModelsListVC.swift in Sources */,
				9D85A23425965E0A00CE4ECC /* MoreLabelsTVC.swift in Sources */,
				9D85A2282594E12500CE4ECC /* ClassificationResult.swift in Sources */,
				9D175BFD25920F5100F1B051 /* UICollectionViewCellExtensions.swift in Sources */,
				9D5802FD258C014E00BCAB14 /* ModelsListCVC.swift in Sources */,
				9DECCA5E258809AC00E4EE7C /* ImageClassifierModel.swift in Sources */,
				9D580313258CDC7500BCAB14 /* MobileNet-kopia 5.mlmodel in Sources */,
				9DC7FC362589832400CB7B98 /* ImageClassifierModelDelegate.swift in Sources */,
				9DE839A42589157500400F0C /* CGImagePropertyOrientation+UIImageOrientation.swift in Sources */,
				9D580306258CBFDC00BCAB14 /* FileManagerExtensions.swift in Sources */,
				9DF940122587C2DD001C44F0 /* SceneDelegate.swift in Sources */,
				9D175C04259233AC00F1B051 /* UIImageViewExtensions.swift in Sources */,
				9D580312258CDC7500BCAB14 /* MobileNet-kopia 6.mlmodel in Sources */,
				9D85A22F259615B900CE4ECC /* MoreLabelsVC.swift in Sources */,
				9D85A2252593B71F00CE4ECC /* UIButtonExtensions.swift in Sources */,
				9D580317258CDC7500BCAB14 /* MobileNet-kopia 2.mlmodel in Sources */,
				9D580316258CDC7500BCAB14 /* MobileNet-kopia 3.mlmodel in Sources */,
				9D580314258CDC7500BCAB14 /* MobileNet-kopia.mlmodel in Sources */,
				9D58031A258CEBFE00BCAB14 /* PredictionVC.swift in Sources */,
			);
			runOnlyForDeploymentPostprocessing = 0;
		};
/* End PBXSourcesBuildPhase section */

/* Begin PBXVariantGroup section */
		9DF940152587C2DD001C44F0 /* Main.storyboard */ = {
			isa = PBXVariantGroup;
			children = (
				9DF940162587C2DD001C44F0 /* Base */,
			);
			name = Main.storyboard;
			sourceTree = "<group>";
		};
		9DF9401A2587C2E1001C44F0 /* LaunchScreen.storyboard */ = {
			isa = PBXVariantGroup;
			children = (
				9DF9401B2587C2E1001C44F0 /* Base */,
			);
			name = LaunchScreen.storyboard;
			sourceTree = "<group>";
		};
/* End PBXVariantGroup section */

/* Begin XCBuildConfiguration section */
		9DF9401E2587C2E1001C44F0 /* Debug */ = {
			isa = XCBuildConfiguration;
			buildSettings = {
				ALWAYS_SEARCH_USER_PATHS = NO;
				CLANG_ANALYZER_NONNULL = YES;
				CLANG_ANALYZER_NUMBER_OBJECT_CONVERSION = YES_AGGRESSIVE;
				CLANG_CXX_LANGUAGE_STANDARD = "gnu++14";
				CLANG_CXX_LIBRARY = "libc++";
				CLANG_ENABLE_MODULES = YES;
				CLANG_ENABLE_OBJC_ARC = YES;
				CLANG_ENABLE_OBJC_WEAK = YES;
				CLANG_WARN_BLOCK_CAPTURE_AUTORELEASING = YES;
				CLANG_WARN_BOOL_CONVERSION = YES;
				CLANG_WARN_COMMA = YES;
				CLANG_WARN_CONSTANT_CONVERSION = YES;
				CLANG_WARN_DEPRECATED_OBJC_IMPLEMENTATIONS = YES;
				CLANG_WARN_DIRECT_OBJC_ISA_USAGE = YES_ERROR;
				CLANG_WARN_DOCUMENTATION_COMMENTS = YES;
				CLANG_WARN_EMPTY_BODY = YES;
				CLANG_WARN_ENUM_CONVERSION = YES;
				CLANG_WARN_INFINITE_RECURSION = YES;
				CLANG_WARN_INT_CONVERSION = YES;
				CLANG_WARN_NON_LITERAL_NULL_CONVERSION = YES;
				CLANG_WARN_OBJC_IMPLICIT_RETAIN_SELF = YES;
				CLANG_WARN_OBJC_LITERAL_CONVERSION = YES;
				CLANG_WARN_OBJC_ROOT_CLASS = YES_ERROR;
				CLANG_WARN_QUOTED_INCLUDE_IN_FRAMEWORK_HEADER = YES;
				CLANG_WARN_RANGE_LOOP_ANALYSIS = YES;
				CLANG_WARN_STRICT_PROTOTYPES = YES;
				CLANG_WARN_SUSPICIOUS_MOVE = YES;
				CLANG_WARN_UNGUARDED_AVAILABILITY = YES_AGGRESSIVE;
				CLANG_WARN_UNREACHABLE_CODE = YES;
				CLANG_WARN__DUPLICATE_METHOD_MATCH = YES;
				COPY_PHASE_STRIP = NO;
				DEBUG_INFORMATION_FORMAT = dwarf;
				ENABLE_STRICT_OBJC_MSGSEND = YES;
				ENABLE_TESTABILITY = YES;
				GCC_C_LANGUAGE_STANDARD = gnu11;
				GCC_DYNAMIC_NO_PIC = NO;
				GCC_NO_COMMON_BLOCKS = YES;
				GCC_OPTIMIZATION_LEVEL = 0;
				GCC_PREPROCESSOR_DEFINITIONS = (
					"DEBUG=1",
					"$(inherited)",
				);
				GCC_WARN_64_TO_32_BIT_CONVERSION = YES;
				GCC_WARN_ABOUT_RETURN_TYPE = YES_ERROR;
				GCC_WARN_UNDECLARED_SELECTOR = YES;
				GCC_WARN_UNINITIALIZED_AUTOS = YES_AGGRESSIVE;
				GCC_WARN_UNUSED_FUNCTION = YES;
				GCC_WARN_UNUSED_VARIABLE = YES;
				IPHONEOS_DEPLOYMENT_TARGET = 12.0;
				MTL_ENABLE_DEBUG_INFO = INCLUDE_SOURCE;
				MTL_FAST_MATH = YES;
				ONLY_ACTIVE_ARCH = YES;
				SDKROOT = iphoneos;
				SWIFT_ACTIVE_COMPILATION_CONDITIONS = DEBUG;
				SWIFT_OPTIMIZATION_LEVEL = "-Onone";
			};
			name = Debug;
		};
		9DF9401F2587C2E1001C44F0 /* Release */ = {
			isa = XCBuildConfiguration;
			buildSettings = {
				ALWAYS_SEARCH_USER_PATHS = NO;
				CLANG_ANALYZER_NONNULL = YES;
				CLANG_ANALYZER_NUMBER_OBJECT_CONVERSION = YES_AGGRESSIVE;
				CLANG_CXX_LANGUAGE_STANDARD = "gnu++14";
				CLANG_CXX_LIBRARY = "libc++";
				CLANG_ENABLE_MODULES = YES;
				CLANG_ENABLE_OBJC_ARC = YES;
				CLANG_ENABLE_OBJC_WEAK = YES;
				CLANG_WARN_BLOCK_CAPTURE_AUTORELEASING = YES;
				CLANG_WARN_BOOL_CONVERSION = YES;
				CLANG_WARN_COMMA = YES;
				CLANG_WARN_CONSTANT_CONVERSION = YES;
				CLANG_WARN_DEPRECATED_OBJC_IMPLEMENTATIONS = YES;
				CLANG_WARN_DIRECT_OBJC_ISA_USAGE = YES_ERROR;
				CLANG_WARN_DOCUMENTATION_COMMENTS = YES;
				CLANG_WARN_EMPTY_BODY = YES;
				CLANG_WARN_ENUM_CONVERSION = YES;
				CLANG_WARN_INFINITE_RECURSION = YES;
				CLANG_WARN_INT_CONVERSION = YES;
				CLANG_WARN_NON_LITERAL_NULL_CONVERSION = YES;
				CLANG_WARN_OBJC_IMPLICIT_RETAIN_SELF = YES;
				CLANG_WARN_OBJC_LITERAL_CONVERSION = YES;
				CLANG_WARN_OBJC_ROOT_CLASS = YES_ERROR;
				CLANG_WARN_QUOTED_INCLUDE_IN_FRAMEWORK_HEADER = YES;
				CLANG_WARN_RANGE_LOOP_ANALYSIS = YES;
				CLANG_WARN_STRICT_PROTOTYPES = YES;
				CLANG_WARN_SUSPICIOUS_MOVE = YES;
				CLANG_WARN_UNGUARDED_AVAILABILITY = YES_AGGRESSIVE;
				CLANG_WARN_UNREACHABLE_CODE = YES;
				CLANG_WARN__DUPLICATE_METHOD_MATCH = YES;
				COPY_PHASE_STRIP = NO;
				DEBUG_INFORMATION_FORMAT = "dwarf-with-dsym";
				ENABLE_NS_ASSERTIONS = NO;
				ENABLE_STRICT_OBJC_MSGSEND = YES;
				GCC_C_LANGUAGE_STANDARD = gnu11;
				GCC_NO_COMMON_BLOCKS = YES;
				GCC_WARN_64_TO_32_BIT_CONVERSION = YES;
				GCC_WARN_ABOUT_RETURN_TYPE = YES_ERROR;
				GCC_WARN_UNDECLARED_SELECTOR = YES;
				GCC_WARN_UNINITIALIZED_AUTOS = YES_AGGRESSIVE;
				GCC_WARN_UNUSED_FUNCTION = YES;
				GCC_WARN_UNUSED_VARIABLE = YES;
				IPHONEOS_DEPLOYMENT_TARGET = 12.0;
				MTL_ENABLE_DEBUG_INFO = NO;
				MTL_FAST_MATH = YES;
				SDKROOT = iphoneos;
				SWIFT_COMPILATION_MODE = wholemodule;
				SWIFT_OPTIMIZATION_LEVEL = "-O";
				VALIDATE_PRODUCT = YES;
			};
			name = Release;
		};
		9DF940212587C2E1001C44F0 /* Debug */ = {
			isa = XCBuildConfiguration;
			baseConfigurationReference = 9F3AB827FC4C14CACD3EDD7A /* Pods-ImageClassifier.debug.xcconfig */;
			buildSettings = {
				ASSETCATALOG_COMPILER_APPICON_NAME = AppIcon;
				ASSETCATALOG_COMPILER_GLOBAL_ACCENT_COLOR_NAME = AccentColor;
				CODE_SIGN_STYLE = Automatic;
				DEVELOPMENT_TEAM = 2R2M3KJN7D;
				INFOPLIST_FILE = ImageClassifier/Info.plist;
				LD_RUNPATH_SEARCH_PATHS = (
					"$(inherited)",
					"@executable_path/Frameworks",
				);
				PRODUCT_BUNDLE_IDENTIFIER = ImageClassifier.com.example;
				PRODUCT_NAME = "$(TARGET_NAME)";
				SWIFT_VERSION = 5.0;
				TARGETED_DEVICE_FAMILY = "1,2";
			};
			name = Debug;
		};
		9DF940222587C2E1001C44F0 /* Release */ = {
			isa = XCBuildConfiguration;
			baseConfigurationReference = CDC419CC30C6DA7D08F9E750 /* Pods-ImageClassifier.release.xcconfig */;
			buildSettings = {
				ASSETCATALOG_COMPILER_APPICON_NAME = AppIcon;
				ASSETCATALOG_COMPILER_GLOBAL_ACCENT_COLOR_NAME = AccentColor;
				CODE_SIGN_STYLE = Automatic;
				DEVELOPMENT_TEAM = 2R2M3KJN7D;
				INFOPLIST_FILE = ImageClassifier/Info.plist;
				LD_RUNPATH_SEARCH_PATHS = (
					"$(inherited)",
					"@executable_path/Frameworks",
				);
				PRODUCT_BUNDLE_IDENTIFIER = ImageClassifier.com.example;
				PRODUCT_NAME = "$(TARGET_NAME)";
				SWIFT_VERSION = 5.0;
				TARGETED_DEVICE_FAMILY = "1,2";
			};
			name = Release;
		};
/* End XCBuildConfiguration section */

/* Begin XCConfigurationList section */
		9DF940072587C2DD001C44F0 /* Build configuration list for PBXProject "ImageClassifier" */ = {
			isa = XCConfigurationList;
			buildConfigurations = (
				9DF9401E2587C2E1001C44F0 /* Debug */,
				9DF9401F2587C2E1001C44F0 /* Release */,
			);
			defaultConfigurationIsVisible = 0;
			defaultConfigurationName = Release;
		};
		9DF940202587C2E1001C44F0 /* Build configuration list for PBXNativeTarget "ImageClassifier" */ = {
			isa = XCConfigurationList;
			buildConfigurations = (
				9DF940212587C2E1001C44F0 /* Debug */,
				9DF940222587C2E1001C44F0 /* Release */,
			);
			defaultConfigurationIsVisible = 0;
			defaultConfigurationName = Release;
		};
/* End XCConfigurationList section */
	};
	rootObject = 9DF940042587C2DD001C44F0 /* Project object */;
}
